{
  "name": "Hackathon - Project",
  "lockfileVersion": 3,
  "requires": true,
  "packages": {
    "": {
      "dependencies": {
        "chrome-types": "^0.1.293"
      }
    },
    "node_modules/chrome-types": {
      "version": "0.1.293",
      "resolved": "https://registry.npmjs.org/chrome-types/-/chrome-types-0.1.293.tgz",
      "integrity": "sha512-JwGUzYzAwhOIV+IGGOGK92rG4Ii0rnUy4hHghBIcZgARppP4IZCeA4tqSYJRMQSH1aM2gx85pye8M2q0B2Qv8w=="
    }
  }
}
